Microsoft Visual Studio Solution File, Format Version 12.00
# Visual Studio Version 16
VisualStudioVersion = 16.0.29519.87
MinimumVisualStudioVersion = 15.0.26124.0
Project("{9A19103F-16F7-4668-BE54-9A1E7A4F7556}") = "Marshmallow.HotChocolate", "src\Marshmallow.HotChocolate\Marshmallow.HotChocolate.csproj", "{02AFC116-F006-4A2D-AEB6-0A43D065837D}"
EndProject
Project("{FAE04EC0-301F-11D3-BF4B-00C04F79EFBC}") = "Marshmallow.Tests", "tests\Marshmallow.Tests\Marshmallow.Tests.csproj", "{3642063B-1DF7-45D9-8133-BD7F5E8BE53F}"
EndProject
Global
	GlobalSection(SolutionConfigurationPlatforms) = preSolution
		Debug|Any CPU = Debug|Any CPU
		Debug|x64 = Debug|x64
		Debug|x86 = Debug|x86
		Release|Any CPU = Release|Any CPU
		Release|x64 = Release|x64
		Release|x86 = Release|x86
	EndGlobalSection
	GlobalSection(ProjectConfigurationPlatforms) = postSolution
		{02AFC116-F006-4A2D-AEB6-0A43D065837D}.Debug|Any CPU.ActiveCfg = Debug|Any CPU
		{02AFC116-F006-4A2D-AEB6-0A43D065837D}.Debug|Any CPU.Build.0 = Debug|Any CPU
		{02AFC116-F006-4A2D-AEB6-0A43D065837D}.Debug|x64.ActiveCfg = Debug|Any CPU
		{02AFC116-F006-4A2D-AEB6-0A43D065837D}.Debug|x64.Build.0 = Debug|Any CPU
		{02AFC116-F006-4A2D-AEB6-0A43D065837D}.Debug|x86.ActiveCfg = Debug|Any CPU
		{02AFC116-F006-4A2D-AEB6-0A43D065837D}.Debug|x86.Build.0 = Debug|Any CPU
		{02AFC116-F006-4A2D-AEB6-0A43D065837D}.Release|Any CPU.ActiveCfg = Release|Any CPU
		{02AFC116-F006-4A2D-AEB6-0A43D065837D}.Release|Any CPU.Build.0 = Release|Any CPU
		{02AFC116-F006-4A2D-AEB6-0A43D065837D}.Release|x64.ActiveCfg = Release|Any CPU
		{02AFC116-F006-4A2D-AEB6-0A43D065837D}.Release|x64.Build.0 = Release|Any CPU
		{02AFC116-F006-4A2D-AEB6-0A43D065837D}.Release|x86.ActiveCfg = Release|Any CPU
		{02AFC116-F006-4A2D-AEB6-0A43D065837D}.Release|x86.Build.0 = Release|Any CPU
		{3642063B-1DF7-45D9-8133-BD7F5E8BE53F}.Debug|Any CPU.ActiveCfg = Debug|Any CPU
		{3642063B-1DF7-45D9-8133-BD7F5E8BE53F}.Debug|Any CPU.Build.0 = Debug|Any CPU
		{3642063B-1DF7-45D9-8133-BD7F5E8BE53F}.Debug|x64.ActiveCfg = Debug|Any CPU
		{3642063B-1DF7-45D9-8133-BD7F5E8BE53F}.Debug|x64.Build.0 = Debug|Any CPU
		{3642063B-1DF7-45D9-8133-BD7F5E8BE53F}.Debug|x86.ActiveCfg = Debug|Any CPU
		{3642063B-1DF7-45D9-8133-BD7F5E8BE53F}.Debug|x86.Build.0 = Debug|Any CPU
		{3642063B-1DF7-45D9-8133-BD7F5E8BE53F}.Release|Any CPU.ActiveCfg = Release|Any CPU
		{3642063B-1DF7-45D9-8133-BD7F5E8BE53F}.Release|Any CPU.Build.0 = Release|Any CPU
		{3642063B-1DF7-45D9-8133-BD7F5E8BE53F}.Release|x64.ActiveCfg = Release|Any CPU
		{3642063B-1DF7-45D9-8133-BD7F5E8BE53F}.Release|x64.Build.0 = Release|Any CPU
		{3642063B-1DF7-45D9-8133-BD7F5E8BE53F}.Release|x86.ActiveCfg = Release|Any CPU
		{3642063B-1DF7-45D9-8133-BD7F5E8BE53F}.Release|x86.Build.0 = Release|Any CPU
	EndGlobalSection
	GlobalSection(SolutionProperties) = preSolution
		HideSolutionNode = FALSE
	EndGlobalSection
	GlobalSection(ExtensibilityGlobals) = postSolution
		SolutionGuid = {4A74FEF5-D86C-4183-8662-EFEA3B45E629}
	EndGlobalSection
EndGlobal
